{
  "name": "rapydscript-ns",
  "version": "0.8.2",
  "lockfileVersion": 3,
  "requires": true,
  "packages": {
    "": {
      "name": "rapydscript-ns",
      "version": "0.8.2",
      "license": "BSD-2-Clause",
      "dependencies": {
        "uglify-js": ">= 3.0.15"
      },
      "bin": {
        "rapydscript": "bin/rapydscript"
      },
      "engines": {
        "node": ">=0.12.0"
      }
    },
    "node_modules/uglify-js": {
      "version": "3.19.3",
      "resolved": "https://registry.npmjs.org/uglify-js/-/uglify-js-3.19.3.tgz",
      "integrity": "sha512-v3Xu+yuwBXisp6QYTcH4UbH+xYJXqnq2m/LtQVWKWzYc1iehYnLixoQDN9FH6/j9/oybfd6W9Ghwkl8+UMKTKQ==",
      "license": "BSD-2-Clause",
      "bin": {
        "uglifyjs": "bin/uglifyjs"
      },
      "engines": {
        "node": ">=0.8.0"
      }
    }
  }
}
